
Microsoft Visual Studio Solution File, Format Version 12.00
Project("{FAE04EC0-301F-11D3-BF4B-00C04F79EFBC}") = "VirtualPathShell", "VirtualPathShell.csproj", "{B77CDBEA-1046-44E1-A5A9-812DFF308392}"
EndProject
Global
	GlobalSection(SolutionConfigurationPlatforms) = preSolution
		Debug|Any CPU = Debug|Any CPU
		Release|Any CPU = Release|Any CPU
	EndGlobalSection
	GlobalSection(ProjectConfigurationPlatforms) = postSolution
		{B77CDBEA-1046-44E1-A5A9-812DFF308392}.Debug|Any CPU.ActiveCfg = Debug|Any CPU
		{B77CDBEA-1046-44E1-A5A9-812DFF308392}.Debug|Any CPU.Build.0 = Debug|Any CPU
		{B77CDBEA-1046-44E1-A5A9-812DFF308392}.Release|Any CPU.ActiveCfg = Release|Any CPU
		{B77CDBEA-1046-44E1-A5A9-812DFF308392}.Release|Any CPU.Build.0 = Release|Any CPU
	EndGlobalSection
EndGlobal
